
Microsoft Visual Studio Solution File, Format Version 12.00
# Visual Studio 15
VisualStudioVersion = 15.0.28010.2026
MinimumVisualStudioVersion = 10.0.40219.1
Project("{FAE04EC0-301F-11D3-BF4B-00C04F79EFBC}") = "13Special-Numbers", "13Special-Numbers\13Special-Numbers.csproj", "{469D3E7F-3D5D-4B8A-A45F-C3D19113F68A}"
EndProject
Project("{FAE04EC0-301F-11D3-BF4B-00C04F79EFBC}") = "12Stupid Password Generator", "12Stupid Password Generator\12Stupid Password Generator.csproj", "{7AB69529-1D12-4E04-87AC-BACE5ED3BF98}"
EndProject
Project("{FAE04EC0-301F-11D3-BF4B-00C04F79EFBC}") = "09Fishing", "09Fishing\09Fishing.csproj", "{93E1D361-FFE5-4458-AA2B-45ADEBA80C8A}"
EndProject
Project("{FAE04EC0-301F-11D3-BF4B-00C04F79EFBC}") = "11Shopping", "11Shopping\11Shopping.csproj", "{CDA0D56D-1A34-4CA7-83F0-5AAF3A93ABC9}"
EndProject
Project("{FAE04EC0-301F-11D3-BF4B-00C04F79EFBC}") = "10Party", "10Party\10Party.csproj", "{EAC4834A-B485-4959-A075-49692542675B}"
EndProject
Project("{FAE04EC0-301F-11D3-BF4B-00C04F79EFBC}") = "08TrainTheTrainers", "08TrainTheTrainers\08TrainTheTrainers.csproj", "{18DFD65C-EAA8-4556-B82B-392D7C253968}"
EndProject
Project("{FAE04EC0-301F-11D3-BF4B-00C04F79EFBC}") = "01Matrix", "01Matrix\01Matrix.csproj", "{744046B5-84D3-4315-B970-A5CABD001C15}"
EndProject
Project("{FAE04EC0-301F-11D3-BF4B-00C04F79EFBC}") = "02NumberPyramid", "02NumberPyramid\02NumberPyramid.csproj", "{E7054682-56D9-4F35-9286-84A8CEE25D89}"
EndProject
Project("{FAE04EC0-301F-11D3-BF4B-00C04F79EFBC}") = "03NumberTable", "03NumberTable\03NumberTable.csproj", "{5E12C3E0-E136-43A7-B867-4DD47A6993B7}"
EndProject
Project("{FAE04EC0-301F-11D3-BF4B-00C04F79EFBC}") = "04Coding", "04Coding\04Coding.csproj", "{B8358B8E-686B-497D-A6C4-6924BAC4CA91}"
EndProject
Project("{FAE04EC0-301F-11D3-BF4B-00C04F79EFBC}") = "05Equal Sums Even Odd Position", "05Equal Sums Even Odd Position\05Equal Sums Even Odd Position.csproj", "{DAE65BCE-F916-4CCC-A8F1-AC82EBFA88A9}"
EndProject
Project("{FAE04EC0-301F-11D3-BF4B-00C04F79EFBC}") = "06Equal Sums Left Right Position", "06Equal Sums Left Right Position\06Equal Sums Left Right Position.csproj", "{C969F6D9-244E-4F20-B199-FEDB4B544372}"
EndProject
Project("{FAE04EC0-301F-11D3-BF4B-00C04F79EFBC}") = "07Sum Prime Non Prime", "07Sum Prime Non Prime\07Sum Prime Non Prime.csproj", "{4B094DCD-4A2E-4328-9B14-E4C3854D40A4}"
EndProject
Global
	GlobalSection(SolutionConfigurationPlatforms) = preSolution
		Debug|Any CPU = Debug|Any CPU
		Release|Any CPU = Release|Any CPU
	EndGlobalSection
	GlobalSection(ProjectConfigurationPlatforms) = postSolution
		{469D3E7F-3D5D-4B8A-A45F-C3D19113F68A}.Debug|Any CPU.ActiveCfg = Debug|Any CPU
		{469D3E7F-3D5D-4B8A-A45F-C3D19113F68A}.Debug|Any CPU.Build.0 = Debug|Any CPU
		{469D3E7F-3D5D-4B8A-A45F-C3D19113F68A}.Release|Any CPU.ActiveCfg = Release|Any CPU
		{469D3E7F-3D5D-4B8A-A45F-C3D19113F68A}.Release|Any CPU.Build.0 = Release|Any CPU
		{7AB69529-1D12-4E04-87AC-BACE5ED3BF98}.Debug|Any CPU.ActiveCfg = Debug|Any CPU
		{7AB69529-1D12-4E04-87AC-BACE5ED3BF98}.Debug|Any CPU.Build.0 = Debug|Any CPU
		{7AB69529-1D12-4E04-87AC-BACE5ED3BF98}.Release|Any CPU.ActiveCfg = Release|Any CPU
		{7AB69529-1D12-4E04-87AC-BACE5ED3BF98}.Release|Any CPU.Build.0 = Release|Any CPU
		{93E1D361-FFE5-4458-AA2B-45ADEBA80C8A}.Debug|Any CPU.ActiveCfg = Debug|Any CPU
		{93E1D361-FFE5-4458-AA2B-45ADEBA80C8A}.Debug|Any CPU.Build.0 = Debug|Any CPU
		{93E1D361-FFE5-4458-AA2B-45ADEBA80C8A}.Release|Any CPU.ActiveCfg = Release|Any CPU
		{93E1D361-FFE5-4458-AA2B-45ADEBA80C8A}.Release|Any CPU.Build.0 = Release|Any CPU
		{CDA0D56D-1A34-4CA7-83F0-5AAF3A93ABC9}.Debug|Any CPU.ActiveCfg = Debug|Any CPU
		{CDA0D56D-1A34-4CA7-83F0-5AAF3A93ABC9}.Debug|Any CPU.Build.0 = Debug|Any CPU
		{CDA0D56D-1A34-4CA7-83F0-5AAF3A93ABC9}.Release|Any CPU.ActiveCfg = Release|Any CPU
		{CDA0D56D-1A34-4CA7-83F0-5AAF3A93ABC9}.Release|Any CPU.Build.0 = Release|Any CPU
		{EAC4834A-B485-4959-A075-49692542675B}.Debug|Any CPU.ActiveCfg = Debug|Any CPU
		{EAC4834A-B485-4959-A075-49692542675B}.Debug|Any CPU.Build.0 = Debug|Any CPU
		{EAC4834A-B485-4959-A075-49692542675B}.Release|Any CPU.ActiveCfg = Release|Any CPU
		{EAC4834A-B485-4959-A075-49692542675B}.Release|Any CPU.Build.0 = Release|Any CPU
		{18DFD65C-EAA8-4556-B82B-392D7C253968}.Debug|Any CPU.ActiveCfg = Debug|Any CPU
		{18DFD65C-EAA8-4556-B82B-392D7C253968}.Debug|Any CPU.Build.0 = Debug|Any CPU
		{18DFD65C-EAA8-4556-B82B-392D7C253968}.Release|Any CPU.ActiveCfg = Release|Any CPU
		{18DFD65C-EAA8-4556-B82B-392D7C253968}.Release|Any CPU.Build.0 = Release|Any CPU
		{744046B5-84D3-4315-B970-A5CABD001C15}.Debug|Any CPU.ActiveCfg = Debug|Any CPU
		{744046B5-84D3-4315-B970-A5CABD001C15}.Debug|Any CPU.Build.0 = Debug|Any CPU
		{744046B5-84D3-4315-B970-A5CABD001C15}.Release|Any CPU.ActiveCfg = Release|Any CPU
		{744046B5-84D3-4315-B970-A5CABD001C15}.Release|Any CPU.Build.0 = Release|Any CPU
		{E7054682-56D9-4F35-9286-84A8CEE25D89}.Debug|Any CPU.ActiveCfg = Debug|Any CPU
		{E7054682-56D9-4F35-9286-84A8CEE25D89}.Debug|Any CPU.Build.0 = Debug|Any CPU
		{E7054682-56D9-4F35-9286-84A8CEE25D89}.Release|Any CPU.ActiveCfg = Release|Any CPU
		{E7054682-56D9-4F35-9286-84A8CEE25D89}.Release|Any CPU.Build.0 = Release|Any CPU
		{5E12C3E0-E136-43A7-B867-4DD47A6993B7}.Debug|Any CPU.ActiveCfg = Debug|Any CPU
		{5E12C3E0-E136-43A7-B867-4DD47A6993B7}.Debug|Any CPU.Build.0 = Debug|Any CPU
		{5E12C3E0-E136-43A7-B867-4DD47A6993B7}.Release|Any CPU.ActiveCfg = Release|Any CPU
		{5E12C3E0-E136-43A7-B867-4DD47A6993B7}.Release|Any CPU.Build.0 = Release|Any CPU
		{B8358B8E-686B-497D-A6C4-6924BAC4CA91}.Debug|Any CPU.ActiveCfg = Debug|Any CPU
		{B8358B8E-686B-497D-A6C4-6924BAC4CA91}.Debug|Any CPU.Build.0 = Debug|Any CPU
		{B8358B8E-686B-497D-A6C4-6924BAC4CA91}.Release|Any CPU.ActiveCfg = Release|Any CPU
		{B8358B8E-686B-497D-A6C4-6924BAC4CA91}.Release|Any CPU.Build.0 = Release|Any CPU
		{DAE65BCE-F916-4CCC-A8F1-AC82EBFA88A9}.Debug|Any CPU.ActiveCfg = Debug|Any CPU
		{DAE65BCE-F916-4CCC-A8F1-AC82EBFA88A9}.Debug|Any CPU.Build.0 = Debug|Any CPU
		{DAE65BCE-F916-4CCC-A8F1-AC82EBFA88A9}.Release|Any CPU.ActiveCfg = Release|Any CPU
		{DAE65BCE-F916-4CCC-A8F1-AC82EBFA88A9}.Release|Any CPU.Build.0 = Release|Any CPU
		{C969F6D9-244E-4F20-B199-FEDB4B544372}.Debug|Any CPU.ActiveCfg = Debug|Any CPU
		{C969F6D9-244E-4F20-B199-FEDB4B544372}.Debug|Any CPU.Build.0 = Debug|Any CPU
		{C969F6D9-244E-4F20-B199-FEDB4B544372}.Release|Any CPU.ActiveCfg = Release|Any CPU
		{C969F6D9-244E-4F20-B199-FEDB4B544372}.Release|Any CPU.Build.0 = Release|Any CPU
		{4B094DCD-4A2E-4328-9B14-E4C3854D40A4}.Debug|Any CPU.ActiveCfg = Debug|Any CPU
		{4B094DCD-4A2E-4328-9B14-E4C3854D40A4}.Debug|Any CPU.Build.0 = Debug|Any CPU
		{4B094DCD-4A2E-4328-9B14-E4C3854D40A4}.Release|Any CPU.ActiveCfg = Release|Any CPU
		{4B094DCD-4A2E-4328-9B14-E4C3854D40A4}.Release|Any CPU.Build.0 = Release|Any CPU
	EndGlobalSection
	GlobalSection(SolutionProperties) = preSolution
		HideSolutionNode = FALSE
	EndGlobalSection
	GlobalSection(ExtensibilityGlobals) = postSolution
		SolutionGuid = {EE4564E9-354E-4273-8EA0-A12618678BBB}
	EndGlobalSection
EndGlobal
